
Microsoft Visual Studio Solution File, Format Version 12.00
# Visual Studio Version 17
VisualStudioVersion = 17.14.36811.4 d17.14
MinimumVisualStudioVersion = 10.0.40219.1
Project("{FAE04EC0-301F-11D3-BF4B-00C04F79EFBC}") = "NagendraAqua", "NagendraAqua.csproj", "{47F2B62B-D9FA-4921-8DE7-DFB7265820C9}"
EndProject
Global
	GlobalSection(SolutionConfigurationPlatforms) = preSolution
		Debug|Any CPU = Debug|Any CPU
		Release|Any CPU = Release|Any CPU
	EndGlobalSection
	GlobalSection(ProjectConfigurationPlatforms) = postSolution
		{47F2B62B-D9FA-4921-8DE7-DFB7265820C9}.Debug|Any CPU.ActiveCfg = Debug|Any CPU
		{47F2B62B-D9FA-4921-8DE7-DFB7265820C9}.Debug|Any CPU.Build.0 = Debug|Any CPU
		{47F2B62B-D9FA-4921-8DE7-DFB7265820C9}.Release|Any CPU.ActiveCfg = Release|Any CPU
		{47F2B62B-D9FA-4921-8DE7-DFB7265820C9}.Release|Any CPU.Build.0 = Release|Any CPU
	EndGlobalSection
	GlobalSection(SolutionProperties) = preSolution
		HideSolutionNode = FALSE
	EndGlobalSection
	GlobalSection(ExtensibilityGlobals) = postSolution
		SolutionGuid = {B87509B0-7680-4838-9DD1-8BA736769C9A}
	EndGlobalSection
EndGlobal
